<Solution>
  <Project Path="PSG.API/PSG.API.csproj" Id="9f1e7648-6e24-42ee-a6cc-4619d39a4ffc" />
  <Project Path="PSG.Application/PSG.Application.csproj" />
  <Project Path="PSG.CrossCuting/PSG.CrossCuting.csproj" />
  <Project Path="PSG.Domain/PSG.Domain.csproj" />
  <Project Path="PSG.Infra.Data/PSG.Infra.Data.csproj" />
  <Project Path="PSG.Presentation/PSG.Presentation.csproj" />
</Solution>
